// !$*UTF8*$!
{
	archiveVersion = 1;
	classes = {
	};
	objectVersion = 55;
	objects = {

/* Begin PBXBuildFile section */
		37901BAB272E7E7300970103 /* AppDelegate.swift in Sources */ = {isa = PBXBuildFile; fileRef = 37901BAA272E7E7300970103 /* AppDelegate.swift */; };
		37901BAD272E7E7300970103 /* SceneDelegate.swift in Sources */ = {isa = PBXBuildFile; fileRef = 37901BAC272E7E7300970103 /* SceneDelegate.swift */; };
		37901BAF272E7E7300970103 /* MoodSelectionViewController.swift in Sources */ = {isa = PBXBuildFile; fileRef = 37901BAE272E7E7300970103 /* MoodSelectionViewController.swift */; };
		37901BB2272E7E7300970103 /* Main.storyboard in Resources */ = {isa = PBXBuildFile; fileRef = 37901BB0272E7E7300970103 /* Main.storyboard */; };
		37901BB4272E7E7400970103 /* Assets.xcassets in Resources */ = {isa = PBXBuildFile; fileRef = 37901BB3272E7E7400970103 /* Assets.xcassets */; };
		37901BB7272E7E7400970103 /* LaunchScreen.storyboard in Resources */ = {isa = PBXBuildFile; fileRef = 37901BB5272E7E7400970103 /* LaunchScreen.storyboard */; };
		37901BC2272E7E7400970103 /* MandalaTests.swift in Sources */ = {isa = PBXBuildFile; fileRef = 37901BC1272E7E7400970103 /* MandalaTests.swift */; };
		37901BCC272E7E7400970103 /* MandalaUITests.swift in Sources */ = {isa = PBXBuildFile; fileRef = 37901BCB272E7E7400970103 /* MandalaUITests.swift */; };
		37901BCE272E7E7400970103 /* MandalaUITestsLaunchTests.swift in Sources */ = {isa = PBXBuildFile; fileRef = 37901BCD272E7E7400970103 /* MandalaUITestsLaunchTests.swift */; };
		37901BDB272E819400970103 /* Mood.swift in Sources */ = {isa = PBXBuildFile; fileRef = 37901BDA272E819400970103 /* Mood.swift */; };
		37901BDF272E827500970103 /* MoodEntry.swift in Sources */ = {isa = PBXBuildFile; fileRef = 37901BDE272E827500970103 /* MoodEntry.swift */; };
		37901BE1272E8CC700970103 /* UIColor+Mandala.swift in Sources */ = {isa = PBXBuildFile; fileRef = 37901BE0272E8CC700970103 /* UIColor+Mandala.swift */; };
		37901BE5272E8DCE00970103 /* UIImage+Mandala.swift in Sources */ = {isa = PBXBuildFile; fileRef = 37901BE4272E8DCE00970103 /* UIImage+Mandala.swift */; };
		37DC1CF8273A02E100EB54FD /* MoodListViewController.swift in Sources */ = {isa = PBXBuildFile; fileRef = 37DC1CF7273A02E100EB54FD /* MoodListViewController.swift */; };
		37DC1CFA273B589200EB54FD /* MoodsConfigurable.swift in Sources */ = {isa = PBXBuildFile; fileRef = 37DC1CF9273B589200EB54FD /* MoodsConfigurable.swift */; };
/* End PBXBuildFile section */

/* Begin PBXContainerItemProxy section */
		37901BBE272E7E7400970103 /* PBXContainerItemProxy */ = {
			isa = PBXContainerItemProxy;
			containerPortal = 37901B9F272E7E7300970103 /* Project object */;
			proxyType = 1;
			remoteGlobalIDString = 37901BA6272E7E7300970103;
			remoteInfo = Mandala;
		};
		37901BC8272E7E7400970103 /* PBXContainerItemProxy */ = {
			isa = PBXContainerItemProxy;
			containerPortal = 37901B9F272E7E7300970103 /* Project object */;
			proxyType = 1;
			remoteGlobalIDString = 37901BA6272E7E7300970103;
			remoteInfo = Mandala;
		};
/* End PBXContainerItemProxy section */

/* Begin PBXFileReference section */
		37901BA7272E7E7300970103 /* Mandala.app */ = {isa = PBXFileReference; explicitFileType = wrapper.application; includeInIndex = 0; path = Mandala.app; sourceTree = BUILT_PRODUCTS_DIR; };
		37901BAA272E7E7300970103 /* AppDelegate.swift */ = {isa = PBXFileReference; lastKnownFileType = sourcecode.swift; path = AppDelegate.swift; sourceTree = "<group>"; };
		37901BAC272E7E7300970103 /* SceneDelegate.swift */ = {isa = PBXFileReference; lastKnownFileType = sourcecode.swift; path = SceneDelegate.swift; sourceTree = "<group>"; };
		37901BAE272E7E7300970103 /* MoodSelectionViewController.swift */ = {isa = PBXFileReference; lastKnownFileType = sourcecode.swift; path = MoodSelectionViewController.swift; sourceTree = "<group>"; };
		37901BB1272E7E7300970103 /* Base */ = {isa = PBXFileReference; lastKnownFileType = file.storyboard; name = Base; path = Base.lproj/Main.storyboard; sourceTree = "<group>"; };
		37901BB3272E7E7400970103 /* Assets.xcassets */ = {isa = PBXFileReference; lastKnownFileType = folder.assetcatalog; path = Assets.xcassets; sourceTree = "<group>"; };
		37901BB6272E7E7400970103 /* Base */ = {isa = PBXFileReference; lastKnownFileType = file.storyboard; name = Base; path = Base.lproj/LaunchScreen.storyboard; sourceTree = "<group>"; };
		37901BB8272E7E7400970103 /* Info.plist */ = {isa = PBXFileReference; lastKnownFileType = text.plist.xml; path = Info.plist; sourceTree = "<group>"; };
		37901BBD272E7E7400970103 /* MandalaTests.xctest */ = {isa = PBXFileReference; explicitFileType = wrapper.cfbundle; includeInIndex = 0; path = MandalaTests.xctest; sourceTree = BUILT_PRODUCTS_DIR; };
		37901BC1272E7E7400970103 /* MandalaTests.swift */ = {isa = PBXFileReference; lastKnownFileType = sourcecode.swift; path = MandalaTests.swift; sourceTree = "<group>"; };
		37901BC7272E7E7400970103 /* MandalaUITests.xctest */ = {isa = PBXFileReference; explicitFileType = wrapper.cfbundle; includeInIndex = 0; path = MandalaUITests.xctest; sourceTree = BUILT_PRODUCTS_DIR; };
		37901BCB272E7E7400970103 /* MandalaUITests.swift */ = {isa = PBXFileReference; lastKnownFileType = sourcecode.swift; path = MandalaUITests.swift; sourceTree = "<group>"; };
		37901BCD272E7E7400970103 /* MandalaUITestsLaunchTests.swift */ = {isa = PBXFileReference; lastKnownFileType = sourcecode.swift; path = MandalaUITestsLaunchTests.swift; sourceTree = "<group>"; };
		37901BDA272E819400970103 /* Mood.swift */ = {isa = PBXFileReference; lastKnownFileType = sourcecode.swift; path = Mood.swift; sourceTree = "<group>"; };
		37901BDE272E827500970103 /* MoodEntry.swift */ = {isa = PBXFileReference; lastKnownFileType = sourcecode.swift; path = MoodEntry.swift; sourceTree = "<group>"; };
		37901BE0272E8CC700970103 /* UIColor+Mandala.swift */ = {isa = PBXFileReference; lastKnownFileType = sourcecode.swift; path = "UIColor+Mandala.swift"; sourceTree = "<group>"; };
		37901BE4272E8DCE00970103 /* UIImage+Mandala.swift */ = {isa = PBXFileReference; lastKnownFileType = sourcecode.swift; path = "UIImage+Mandala.swift"; sourceTree = "<group>"; };
		37DC1CF7273A02E100EB54FD /* MoodListViewController.swift */ = {isa = PBXFileReference; lastKnownFileType = sourcecode.swift; path = MoodListViewController.swift; sourceTree = "<group>"; };
		37DC1CF9273B589200EB54FD /* MoodsConfigurable.swift */ = {isa = PBXFileReference; lastKnownFileType = sourcecode.swift; path = MoodsConfigurable.swift; sourceTree = "<group>"; };
/* End PBXFileReference section */

/* Begin PBXFrameworksBuildPhase section */
		37901BA4272E7E7300970103 /* Frameworks */ = {
			isa = PBXFrameworksBuildPhase;
			buildActionMask = 2147483647;
			files = (
			);
			runOnlyForDeploymentPostprocessing = 0;
		};
		37901BBA272E7E7400970103 /* Frameworks */ = {
			isa = PBXFrameworksBuildPhase;
			buildActionMask = 2147483647;
			files = (
			);
			runOnlyForDeploymentPostprocessing = 0;
		};
		37901BC4272E7E7400970103 /* Frameworks */ = {
			isa = PBXFrameworksBuildPhase;
			buildActionMask = 2147483647;
			files = (
			);
			runOnlyForDeploymentPostprocessing = 0;
		};
/* End PBXFrameworksBuildPhase section */

/* Begin PBXGroup section */
		37901B9E272E7E7300970103 = {
			isa = PBXGroup;
			children = (
				37901BA9272E7E7300970103 /* Mandala */,
				37901BC0272E7E7400970103 /* MandalaTests */,
				37901BCA272E7E7400970103 /* MandalaUITests */,
				37901BA8272E7E7300970103 /* Products */,
			);
			sourceTree = "<group>";
		};
		37901BA8272E7E7300970103 /* Products */ = {
			isa = PBXGroup;
			children = (
				37901BA7272E7E7300970103 /* Mandala.app */,
				37901BBD272E7E7400970103 /* MandalaTests.xctest */,
				37901BC7272E7E7400970103 /* MandalaUITests.xctest */,
			);
			name = Products;
			sourceTree = "<group>";
		};
		37901BA9272E7E7300970103 /* Mandala */ = {
			isa = PBXGroup;
			children = (
				37901BAA272E7E7300970103 /* AppDelegate.swift */,
				37901BAC272E7E7300970103 /* SceneDelegate.swift */,
				37901BAE272E7E7300970103 /* MoodSelectionViewController.swift */,
				37DC1CF7273A02E100EB54FD /* MoodListViewController.swift */,
				37901BB0272E7E7300970103 /* Main.storyboard */,
				37DC1CF9273B589200EB54FD /* MoodsConfigurable.swift */,
				37901BB3272E7E7400970103 /* Assets.xcassets */,
				37901BB5272E7E7400970103 /* LaunchScreen.storyboard */,
				37901BB8272E7E7400970103 /* Info.plist */,
				37901BDA272E819400970103 /* Mood.swift */,
				37901BE0272E8CC700970103 /* UIColor+Mandala.swift */,
				37901BE4272E8DCE00970103 /* UIImage+Mandala.swift */,
				37901BDE272E827500970103 /* MoodEntry.swift */,
			);
			path = Mandala;
			sourceTree = "<group>";
		};
		37901BC0272E7E7400970103 /* MandalaTests */ = {
			isa = PBXGroup;
			children = (
				37901BC1272E7E7400970103 /* MandalaTests.swift */,
			);
			path = MandalaTests;
			sourceTree = "<group>";
		};
		37901BCA272E7E7400970103 /* MandalaUITests */ = {
			isa = PBXGroup;
			children = (
				37901BCB272E7E7400970103 /* MandalaUITests.swift */,
				37901BCD272E7E7400970103 /* MandalaUITestsLaunchTests.swift */,
			);
			path = MandalaUITests;
			sourceTree = "<group>";
		};
/* End PBXGroup section */

/* Begin PBXNativeTarget section */
		37901BA6272E7E7300970103 /* Mandala */ = {
			isa = PBXNativeTarget;
			buildConfigurationList = 37901BD1272E7E7400970103 /* Build configuration list for PBXNativeTarget "Mandala" */;
			buildPhases = (
				37901BA3272E7E7300970103 /* Sources */,
				37901BA4272E7E7300970103 /* Frameworks */,
				37901BA5272E7E7300970103 /* Resources */,
			);
			buildRules = (
			);
			dependencies = (
			);
			name = Mandala;
			productName = Mandala;
			productReference = 37901BA7272E7E7300970103 /* Mandala.app */;
			productType = "com.apple.product-type.application";
		};
		37901BBC272E7E7400970103 /* MandalaTests */ = {
			isa = PBXNativeTarget;
			buildConfigurationList = 37901BD4272E7E7400970103 /* Build configuration list for PBXNativeTarget "MandalaTests" */;
			buildPhases = (
				37901BB9272E7E7400970103 /* Sources */,
				37901BBA272E7E7400970103 /* Frameworks */,
				37901BBB272E7E7400970103 /* Resources */,
			);
			buildRules = (
			);
			dependencies = (
				37901BBF272E7E7400970103 /* PBXTargetDependency */,
			);
			name = MandalaTests;
			productName = MandalaTests;
			productReference = 37901BBD272E7E7400970103 /* MandalaTests.xctest */;
			productType = "com.apple.product-type.bundle.unit-test";
		};
		37901BC6272E7E7400970103 /* MandalaUITests */ = {
			isa = PBXNativeTarget;
			buildConfigurationList = 37901BD7272E7E7400970103 /* Build configuration list for PBXNativeTarget "MandalaUITests" */;
			buildPhases = (
				37901BC3272E7E7400970103 /* Sources */,
				37901BC4272E7E7400970103 /* Frameworks */,
				37901BC5272E7E7400970103 /* Resources */,
			);
			buildRules = (
			);
			dependencies = (
				37901BC9272E7E7400970103 /* PBXTargetDependency */,
			);
			name = MandalaUITests;
			productName = MandalaUITests;
			productReference = 37901BC7272E7E7400970103 /* MandalaUITests.xctest */;
			productType = "com.apple.product-type.bundle.ui-testing";
		};
/* End PBXNativeTarget section */

/* Begin PBXProject section */
		37901B9F272E7E7300970103 /* Project object */ = {
			isa = PBXProject;
			attributes = {
				BuildIndependentTargetsInParallel = 1;
				LastSwiftUpdateCheck = 1310;
				LastUpgradeCheck = 1310;
				TargetAttributes = {
					37901BA6272E7E7300970103 = {
						CreatedOnToolsVersion = 13.1;
					};
					37901BBC272E7E7400970103 = {
						CreatedOnToolsVersion = 13.1;
						TestTargetID = 37901BA6272E7E7300970103;
					};
					37901BC6272E7E7400970103 = {
						CreatedOnToolsVersion = 13.1;
						TestTargetID = 37901BA6272E7E7300970103;
					};
				};
			};
			buildConfigurationList = 37901BA2272E7E7300970103 /* Build configuration list for PBXProject "Mandala" */;
			compatibilityVersion = "Xcode 13.0";
			developmentRegion = en;
			hasScannedForEncodings = 0;
			knownRegions = (
				en,
				Base,
			);
			mainGroup = 37901B9E272E7E7300970103;
			productRefGroup = 37901BA8272E7E7300970103 /* Products */;
			projectDirPath = "";
			projectRoot = "";
			targets = (
				37901BA6272E7E7300970103 /* Mandala */,
				37901BBC272E7E7400970103 /* MandalaTests */,
				37901BC6272E7E7400970103 /* MandalaUITests */,
			);
		};
/* End PBXProject section */

/* Begin PBXResourcesBuildPhase section */
		37901BA5272E7E7300970103 /* Resources */ = {
			isa = PBXResourcesBuildPhase;
			buildActionMask = 2147483647;
			files = (
				37901BB7272E7E7400970103 /* LaunchScreen.storyboard in Resources */,
				37901BB4272E7E7400970103 /* Assets.xcassets in Resources */,
				37901BB2272E7E7300970103 /* Main.storyboard in Resources */,
			);
			runOnlyForDeploymentPostprocessing = 0;
		};
		37901BBB272E7E7400970103 /* Resources */ = {
			isa = PBXResourcesBuildPhase;
			buildActionMask = 2147483647;
			files = (
			);
			runOnlyForDeploymentPostprocessing = 0;
		};
		37901BC5272E7E7400970103 /* Resources */ = {
			isa = PBXResourcesBuildPhase;
			buildActionMask = 2147483647;
			files = (
			);
			runOnlyForDeploymentPostprocessing = 0;
		};
/* End PBXResourcesBuildPhase section */

/* Begin PBXSourcesBuildPhase section */
		37901BA3272E7E7300970103 /* Sources */ = {
			isa = PBXSourcesBuildPhase;
			buildActionMask = 2147483647;
			files = (
				37901BDB272E819400970103 /* Mood.swift in Sources */,
				37DC1CF8273A02E100EB54FD /* MoodListViewController.swift in Sources */,
				37901BAF272E7E7300970103 /* MoodSelectionViewController.swift in Sources */,
				37901BDF272E827500970103 /* MoodEntry.swift in Sources */,
				37DC1CFA273B589200EB54FD /* MoodsConfigurable.swift in Sources */,
				37901BAB272E7E7300970103 /* AppDelegate.swift in Sources */,
				37901BE1272E8CC700970103 /* UIColor+Mandala.swift in Sources */,
				37901BE5272E8DCE00970103 /* UIImage+Mandala.swift in Sources */,
				37901BAD272E7E7300970103 /* SceneDelegate.swift in Sources */,
			);
			runOnlyForDeploymentPostprocessing = 0;
		};
		37901BB9272E7E7400970103 /* Sources */ = {
			isa = PBXSourcesBuildPhase;
			buildActionMask = 2147483647;
			files = (
				37901BC2272E7E7400970103 /* MandalaTests.swift in Sources */,
			);
			runOnlyForDeploymentPostprocessing = 0;
		};
		37901BC3272E7E7400970103 /* Sources */ = {
			isa = PBXSourcesBuildPhase;
			buildActionMask = 2147483647;
			files = (
				37901BCC272E7E7400970103 /* MandalaUITests.swift in Sources */,
				37901BCE272E7E7400970103 /* MandalaUITestsLaunchTests.swift in Sources */,
			);
			runOnlyForDeploymentPostprocessing = 0;
		};
/* End PBXSourcesBuildPhase section */

/* Begin PBXTargetDependency section */
		37901BBF272E7E7400970103 /* PBXTargetDependency */ = {
			isa = PBXTargetDependency;
			target = 37901BA6272E7E7300970103 /* Mandala */;
			targetProxy = 37901BBE272E7E7400970103 /* PBXContainerItemProxy */;
		};
		37901BC9272E7E7400970103 /* PBXTargetDependency */ = {
			isa = PBXTargetDependency;
			target = 37901BA6272E7E7300970103 /* Mandala */;
			targetProxy = 37901BC8272E7E7400970103 /* PBXContainerItemProxy */;
		};
/* End PBXTargetDependency section */

/* Begin PBXVariantGroup section */
		37901BB0272E7E7300970103 /* Main.storyboard */ = {
			isa = PBXVariantGroup;
			children = (
				37901BB1272E7E7300970103 /* Base */,
			);
			name = Main.storyboard;
			sourceTree = "<group>";
		};
		37901BB5272E7E7400970103 /* LaunchScreen.storyboard */ = {
			isa = PBXVariantGroup;
			children = (
				37901BB6272E7E7400970103 /* Base */,
			);
			name = LaunchScreen.storyboard;
			sourceTree = "<group>";
		};
/* End PBXVariantGroup section */

/* Begin XCBuildConfiguration section */
		37901BCF272E7E7400970103 /* Debug */ = {
			isa = XCBuildConfiguration;
			buildSettings = {
				ALWAYS_SEARCH_USER_PATHS = NO;
				CLANG_ANALYZER_NONNULL = YES;
				CLANG_ANALYZER_NUMBER_OBJECT_CONVERSION = YES_AGGRESSIVE;
				CLANG_CXX_LANGUAGE_STANDARD = "gnu++17";
				CLANG_CXX_LIBRARY = "libc++";
				CLANG_ENABLE_MODULES = YES;
				CLANG_ENABLE_OBJC_ARC = YES;
				CLANG_ENABLE_OBJC_WEAK = YES;
				CLANG_WARN_BLOCK_CAPTURE_AUTORELEASING = YES;
				CLANG_WARN_BOOL_CONVERSION = YES;
				CLANG_WARN_COMMA = YES;
				CLANG_WARN_CONSTANT_CONVERSION = YES;
				CLANG_WARN_DEPRECATED_OBJC_IMPLEMENTATIONS = YES;
				CLANG_WARN_DIRECT_OBJC_ISA_USAGE = YES_ERROR;
				CLANG_WARN_DOCUMENTATION_COMMENTS = YES;
				CLANG_WARN_EMPTY_BODY = YES;
				CLANG_WARN_ENUM_CONVERSION = YES;
				CLANG_WARN_INFINITE_RECURSION = YES;
				CLANG_WARN_INT_CONVERSION = YES;
				CLANG_WARN_NON_LITERAL_NULL_CONVERSION = YES;
				CLANG_WARN_OBJC_IMPLICIT_RETAIN_SELF = YES;
				CLANG_WARN_OBJC_LITERAL_CONVERSION = YES;
				CLANG_WARN_OBJC_ROOT_CLASS = YES_ERROR;
				CLANG_WARN_QUOTED_INCLUDE_IN_FRAMEWORK_HEADER = YES;
				CLANG_WARN_RANGE_LOOP_ANALYSIS = YES;
				CLANG_WARN_STRICT_PROTOTYPES = YES;
				CLANG_WARN_SUSPICIOUS_MOVE = YES;
				CLANG_WARN_UNGUARDED_AVAILABILITY = YES_AGGRESSIVE;
				CLANG_WARN_UNREACHABLE_CODE = YES;
				CLANG_WARN__DUPLICATE_METHOD_MATCH = YES;
				COPY_PHASE_STRIP = NO;
				DEBUG_INFORMATION_FORMAT = dwarf;
				ENABLE_STRICT_OBJC_MSGSEND = YES;
				ENABLE_TESTABILITY = YES;
				GCC_C_LANGUAGE_STANDARD = gnu11;
				GCC_DYNAMIC_NO_PIC = NO;
				GCC_NO_COMMON_BLOCKS = YES;
				GCC_OPTIMIZATION_LEVEL = 0;
				GCC_PREPROCESSOR_DEFINITIONS = (
					"DEBUG=1",
					"$(inherited)",
				);
				GCC_WARN_64_TO_32_BIT_CONVERSION = YES;
				GCC_WARN_ABOUT_RETURN_TYPE = YES_ERROR;
				GCC_WARN_UNDECLARED_SELECTOR = YES;
				GCC_WARN_UNINITIALIZED_AUTOS = YES_AGGRESSIVE;
				GCC_WARN_UNUSED_FUNCTION = YES;
				GCC_WARN_UNUSED_VARIABLE = YES;
				IPHONEOS_DEPLOYMENT_TARGET = 15.0;
				MTL_ENABLE_DEBUG_INFO = INCLUDE_SOURCE;
				MTL_FAST_MATH = YES;
				ONLY_ACTIVE_ARCH = YES;
				SDKROOT = iphoneos;
				SWIFT_ACTIVE_COMPILATION_CONDITIONS = DEBUG;
				SWIFT_OPTIMIZATION_LEVEL = "-Onone";
			};
			name = Debug;
		};
		37901BD0272E7E7400970103 /* Release */ = {
			isa = XCBuildConfiguration;
			buildSettings = {
				ALWAYS_SEARCH_USER_PATHS = NO;
				CLANG_ANALYZER_NONNULL = YES;
				CLANG_ANALYZER_NUMBER_OBJECT_CONVERSION = YES_AGGRESSIVE;
				CLANG_CXX_LANGUAGE_STANDARD = "gnu++17";
				CLANG_CXX_LIBRARY = "libc++";
				CLANG_ENABLE_MODULES = YES;
				CLANG_ENABLE_OBJC_ARC = YES;
				CLANG_ENABLE_OBJC_WEAK = YES;
				CLANG_WARN_BLOCK_CAPTURE_AUTORELEASING = YES;
				CLANG_WARN_BOOL_CONVERSION = YES;
				CLANG_WARN_COMMA = YES;
				CLANG_WARN_CONSTANT_CONVERSION = YES;
				CLANG_WARN_DEPRECATED_OBJC_IMPLEMENTATIONS = YES;
				CLANG_WARN_DIRECT_OBJC_ISA_USAGE = YES_ERROR;
				CLANG_WARN_DOCUMENTATION_COMMENTS = YES;
				CLANG_WARN_EMPTY_BODY = YES;
				CLANG_WARN_ENUM_CONVERSION = YES;
				CLANG_WARN_INFINITE_RECURSION = YES;
				CLANG_WARN_INT_CONVERSION = YES;
				CLANG_WARN_NON_LITERAL_NULL_CONVERSION = YES;
				CLANG_WARN_OBJC_IMPLICIT_RETAIN_SELF = YES;
				CLANG_WARN_OBJC_LITERAL_CONVERSION = YES;
				CLANG_WARN_OBJC_ROOT_CLASS = YES_ERROR;
				CLANG_WARN_QUOTED_INCLUDE_IN_FRAMEWORK_HEADER = YES;
				CLANG_WARN_RANGE_LOOP_ANALYSIS = YES;
				CLANG_WARN_STRICT_PROTOTYPES = YES;
				CLANG_WARN_SUSPICIOUS_MOVE = YES;
				CLANG_WARN_UNGUARDED_AVAILABILITY = YES_AGGRESSIVE;
				CLANG_WARN_UNREACHABLE_CODE = YES;
				CLANG_WARN__DUPLICATE_METHOD_MATCH = YES;
				COPY_PHASE_STRIP = NO;
				DEBUG_INFORMATION_FORMAT = "dwarf-with-dsym";
				ENABLE_NS_ASSERTIONS = NO;
				ENABLE_STRICT_OBJC_MSGSEND = YES;
				GCC_C_LANGUAGE_STANDARD = gnu11;
				GCC_NO_COMMON_BLOCKS = YES;
				GCC_WARN_64_TO_32_BIT_CONVERSION = YES;
				GCC_WARN_ABOUT_RETURN_TYPE = YES_ERROR;
				GCC_WARN_UNDECLARED_SELECTOR = YES;
				GCC_WARN_UNINITIALIZED_AUTOS = YES_AGGRESSIVE;
				GCC_WARN_UNUSED_FUNCTION = YES;
				GCC_WARN_UNUSED_VARIABLE = YES;
				IPHONEOS_DEPLOYMENT_TARGET = 15.0;
				MTL_ENABLE_DEBUG_INFO = NO;
				MTL_FAST_MATH = YES;
				SDKROOT = iphoneos;
				SWIFT_COMPILATION_MODE = wholemodule;
				SWIFT_OPTIMIZATION_LEVEL = "-O";
				VALIDATE_PRODUCT = YES;
			};
			name = Release;
		};
		37901BD2272E7E7400970103 /* Debug */ = {
			isa = XCBuildConfiguration;
			buildSettings = {
				ASSETCATALOG_COMPILER_APPICON_NAME = AppIcon;
				ASSETCATALOG_COMPILER_GLOBAL_ACCENT_COLOR_NAME = AccentColor;
				CODE_SIGN_STYLE = Automatic;
				CURRENT_PROJECT_VERSION = 1;
				DEVELOPMENT_TEAM = 4WN46VZ7RJ;
				GENERATE_INFOPLIST_FILE = YES;
				INFOPLIST_FILE = Mandala/Info.plist;
				INFOPLIST_KEY_UIApplicationSupportsIndirectInputEvents = YES;
				INFOPLIST_KEY_UILaunchStoryboardName = LaunchScreen;
				INFOPLIST_KEY_UIMainStoryboardFile = Main;
				INFOPLIST_KEY_UISupportedInterfaceOrientations_iPad = "UIInterfaceOrientationPortrait UIInterfaceOrientationPortraitUpsideDown UIInterfaceOrientationLandscapeLeft UIInterfaceOrientationLandscapeRight";
				INFOPLIST_KEY_UISupportedInterfaceOrientations_iPhone = "UIInterfaceOrientationPortrait UIInterfaceOrientationLandscapeLeft UIInterfaceOrientationLandscapeRight";
				LD_RUNPATH_SEARCH_PATHS = (
					"$(inherited)",
					"@executable_path/Frameworks",
				);
				MARKETING_VERSION = 1.0;
				PRODUCT_BUNDLE_IDENTIFIER = cn.xnlamp.Mandala;
				PRODUCT_NAME = "$(TARGET_NAME)";
				SWIFT_EMIT_LOC_STRINGS = YES;
				SWIFT_VERSION = 5.0;
				TARGETED_DEVICE_FAMILY = "1,2";
			};
			name = Debug;
		};
		37901BD3272E7E7400970103 /* Release */ = {
			isa = XCBuildConfiguration;
			buildSettings = {
				ASSETCATALOG_COMPILER_APPICON_NAME = AppIcon;
				ASSETCATALOG_COMPILER_GLOBAL_ACCENT_COLOR_NAME = AccentColor;
				CODE_SIGN_STYLE = Automatic;
				CURRENT_PROJECT_VERSION = 1;
				DEVELOPMENT_TEAM = 4WN46VZ7RJ;
				GENERATE_INFOPLIST_FILE = YES;
				INFOPLIST_FILE = Mandala/Info.plist;
				INFOPLIST_KEY_UIApplicationSupportsIndirectInputEvents = YES;
				INFOPLIST_KEY_UILaunchStoryboardName = LaunchScreen;
				INFOPLIST_KEY_UIMainStoryboardFile = Main;
				INFOPLIST_KEY_UISupportedInterfaceOrientations_iPad = "UIInterfaceOrientationPortrait UIInterfaceOrientationPortraitUpsideDown UIInterfaceOrientationLandscapeLeft UIInterfaceOrientationLandscapeRight";
				INFOPLIST_KEY_UISupportedInterfaceOrientations_iPhone = "UIInterfaceOrientationPortrait UIInterfaceOrientationLandscapeLeft UIInterfaceOrientationLandscapeRight";
				LD_RUNPATH_SEARCH_PATHS = (
					"$(inherited)",
					"@executable_path/Frameworks",
				);
				MARKETING_VERSION = 1.0;
				PRODUCT_BUNDLE_IDENTIFIER = cn.xnlamp.Mandala;
				PRODUCT_NAME = "$(TARGET_NAME)";
				SWIFT_EMIT_LOC_STRINGS = YES;
				SWIFT_VERSION = 5.0;
				TARGETED_DEVICE_FAMILY = "1,2";
			};
			name = Release;
		};
		37901BD5272E7E7400970103 /* Debug */ = {
			isa = XCBuildConfiguration;
			buildSettings = {
				ALWAYS_EMBED_SWIFT_STANDARD_LIBRARIES = YES;
				BUNDLE_LOADER = "$(TEST_HOST)";
				CODE_SIGN_STYLE = Automatic;
				CURRENT_PROJECT_VERSION = 1;
				DEVELOPMENT_TEAM = 4WN46VZ7RJ;
				GENERATE_INFOPLIST_FILE = YES;
				IPHONEOS_DEPLOYMENT_TARGET = 15.0;
				LD_RUNPATH_SEARCH_PATHS = (
					"$(inherited)",
					"@executable_path/Frameworks",
					"@loader_path/Frameworks",
				);
				MARKETING_VERSION = 1.0;
				PRODUCT_BUNDLE_IDENTIFIER = cn.xnlamp.MandalaTests;
				PRODUCT_NAME = "$(TARGET_NAME)";
				SWIFT_EMIT_LOC_STRINGS = NO;
				SWIFT_VERSION = 5.0;
				TARGETED_DEVICE_FAMILY = "1,2";
				TEST_HOST = "$(BUILT_PRODUCTS_DIR)/Mandala.app/Mandala";
			};
			name = Debug;
		};
		37901BD6272E7E7400970103 /* Release */ = {
			isa = XCBuildConfiguration;
			buildSettings = {
				ALWAYS_EMBED_SWIFT_STANDARD_LIBRARIES = YES;
				BUNDLE_LOADER = "$(TEST_HOST)";
				CODE_SIGN_STYLE = Automatic;
				CURRENT_PROJECT_VERSION = 1;
				DEVELOPMENT_TEAM = 4WN46VZ7RJ;
				GENERATE_INFOPLIST_FILE = YES;
				IPHONEOS_DEPLOYMENT_TARGET = 15.0;
				LD_RUNPATH_SEARCH_PATHS = (
					"$(inherited)",
					"@executable_path/Frameworks",
					"@loader_path/Frameworks",
				);
				MARKETING_VERSION = 1.0;
				PRODUCT_BUNDLE_IDENTIFIER = cn.xnlamp.MandalaTests;
				PRODUCT_NAME = "$(TARGET_NAME)";
				SWIFT_EMIT_LOC_STRINGS = NO;
				SWIFT_VERSION = 5.0;
				TARGETED_DEVICE_FAMILY = "1,2";
				TEST_HOST = "$(BUILT_PRODUCTS_DIR)/Mandala.app/Mandala";
			};
			name = Release;
		};
		37901BD8272E7E7400970103 /* Debug */ = {
			isa = XCBuildConfiguration;
			buildSettings = {
				ALWAYS_EMBED_SWIFT_STANDARD_LIBRARIES = YES;
				CODE_SIGN_STYLE = Automatic;
				CURRENT_PROJECT_VERSION = 1;
				DEVELOPMENT_TEAM = 4WN46VZ7RJ;
				GENERATE_INFOPLIST_FILE = YES;
				LD_RUNPATH_SEARCH_PATHS = (
					"$(inherited)",
					"@executable_path/Frameworks",
					"@loader_path/Frameworks",
				);
				MARKETING_VERSION = 1.0;
				PRODUCT_BUNDLE_IDENTIFIER = cn.xnlamp.MandalaUITests;
				PRODUCT_NAME = "$(TARGET_NAME)";
				SWIFT_EMIT_LOC_STRINGS = NO;
				SWIFT_VERSION = 5.0;
				TARGETED_DEVICE_FAMILY = "1,2";
				TEST_TARGET_NAME = Mandala;
			};
			name = Debug;
		};
		37901BD9272E7E7400970103 /* Release */ = {
			isa = XCBuildConfiguration;
			buildSettings = {
				ALWAYS_EMBED_SWIFT_STANDARD_LIBRARIES = YES;
				CODE_SIGN_STYLE = Automatic;
				CURRENT_PROJECT_VERSION = 1;
				DEVELOPMENT_TEAM = 4WN46VZ7RJ;
				GENERATE_INFOPLIST_FILE = YES;
				LD_RUNPATH_SEARCH_PATHS = (
					"$(inherited)",
					"@executable_path/Frameworks",
					"@loader_path/Frameworks",
				);
				MARKETING_VERSION = 1.0;
				PRODUCT_BUNDLE_IDENTIFIER = cn.xnlamp.MandalaUITests;
				PRODUCT_NAME = "$(TARGET_NAME)";
				SWIFT_EMIT_LOC_STRINGS = NO;
				SWIFT_VERSION = 5.0;
				TARGETED_DEVICE_FAMILY = "1,2";
				TEST_TARGET_NAME = Mandala;
			};
			name = Release;
		};
/* End XCBuildConfiguration section */

/* Begin XCConfigurationList section */
		37901BA2272E7E7300970103 /* Build configuration list for PBXProject "Mandala" */ = {
			isa = XCConfigurationList;
			buildConfigurations = (
				37901BCF272E7E7400970103 /* Debug */,
				37901BD0272E7E7400970103 /* Release */,
			);
			defaultConfigurationIsVisible = 0;
			defaultConfigurationName = Release;
		};
		37901BD1272E7E7400970103 /* Build configuration list for PBXNativeTarget "Mandala" */ = {
			isa = XCConfigurationList;
			buildConfigurations = (
				37901BD2272E7E7400970103 /* Debug */,
				37901BD3272E7E7400970103 /* Release */,
			);
			defaultConfigurationIsVisible = 0;
			defaultConfigurationName = Release;
		};
		37901BD4272E7E7400970103 /* Build configuration list for PBXNativeTarget "MandalaTests" */ = {
			isa = XCConfigurationList;
			buildConfigurations = (
				37901BD5272E7E7400970103 /* Debug */,
				37901BD6272E7E7400970103 /* Release */,
			);
			defaultConfigurationIsVisible = 0;
			defaultConfigurationName = Release;
		};
		37901BD7272E7E7400970103 /* Build configuration list for PBXNativeTarget "MandalaUITests" */ = {
			isa = XCConfigurationList;
			buildConfigurations = (
				37901BD8272E7E7400970103 /* Debug */,
				37901BD9272E7E7400970103 /* Release */,
			);
			defaultConfigurationIsVisible = 0;
			defaultConfigurationName = Release;
		};
/* End XCConfigurationList section */
	};
	rootObject = 37901B9F272E7E7300970103 /* Project object */;
}
