// !$*UTF8*$!
{
	archiveVersion = 1;
	classes = {
	};
	objectVersion = 55;
	objects = {

/* Begin PBXBuildFile section */
		378D98E927478BE100D4BEBD /* FlickrAPI.swift in Sources */ = {isa = PBXBuildFile; fileRef = 378D98E827478BE100D4BEBD /* FlickrAPI.swift */; };
		378D98EB274798E300D4BEBD /* PhotoStore.swift in Sources */ = {isa = PBXBuildFile; fileRef = 378D98EA274798E300D4BEBD /* PhotoStore.swift */; };
		378D98ED27487B2600D4BEBD /* FlickrPhoto.swift in Sources */ = {isa = PBXBuildFile; fileRef = 378D98EC27487B2600D4BEBD /* FlickrPhoto.swift */; };
		37DC1D0A2742A37B00EB54FD /* AppDelegate.swift in Sources */ = {isa = PBXBuildFile; fileRef = 37DC1D092742A37B00EB54FD /* AppDelegate.swift */; };
		37DC1D0C2742A37B00EB54FD /* SceneDelegate.swift in Sources */ = {isa = PBXBuildFile; fileRef = 37DC1D0B2742A37B00EB54FD /* SceneDelegate.swift */; };
		37DC1D0E2742A37B00EB54FD /* PhotosViewController.swift in Sources */ = {isa = PBXBuildFile; fileRef = 37DC1D0D2742A37B00EB54FD /* PhotosViewController.swift */; };
		37DC1D112742A37B00EB54FD /* Main.storyboard in Resources */ = {isa = PBXBuildFile; fileRef = 37DC1D0F2742A37B00EB54FD /* Main.storyboard */; };
		37DC1D132742A37C00EB54FD /* Assets.xcassets in Resources */ = {isa = PBXBuildFile; fileRef = 37DC1D122742A37C00EB54FD /* Assets.xcassets */; };
		37DC1D162742A37C00EB54FD /* LaunchScreen.storyboard in Resources */ = {isa = PBXBuildFile; fileRef = 37DC1D142742A37C00EB54FD /* LaunchScreen.storyboard */; };
		37DC1D212742A37D00EB54FD /* PhotoramaTests.swift in Sources */ = {isa = PBXBuildFile; fileRef = 37DC1D202742A37D00EB54FD /* PhotoramaTests.swift */; };
		37DC1D2B2742A37D00EB54FD /* PhotoramaUITests.swift in Sources */ = {isa = PBXBuildFile; fileRef = 37DC1D2A2742A37D00EB54FD /* PhotoramaUITests.swift */; };
		37DC1D2D2742A37D00EB54FD /* PhotoramaUITestsLaunchTests.swift in Sources */ = {isa = PBXBuildFile; fileRef = 37DC1D2C2742A37D00EB54FD /* PhotoramaUITestsLaunchTests.swift */; };
		37EF1596274FCD4F0074B8A1 /* Photorama.xcdatamodeld in Sources */ = {isa = PBXBuildFile; fileRef = 37EF1594274FCD4F0074B8A1 /* Photorama.xcdatamodeld */; };
		37EF1599274FD3CA0074B8A1 /* Photo+CoreDataClass.swift in Sources */ = {isa = PBXBuildFile; fileRef = 37EF1597274FD3CA0074B8A1 /* Photo+CoreDataClass.swift */; };
		37EF159A274FD3CA0074B8A1 /* Photo+CoreDataProperties.swift in Sources */ = {isa = PBXBuildFile; fileRef = 37EF1598274FD3CA0074B8A1 /* Photo+CoreDataProperties.swift */; };
		37F992542749F2BD00E386BC /* PhotoDataSource.swift in Sources */ = {isa = PBXBuildFile; fileRef = 37F992532749F2BD00E386BC /* PhotoDataSource.swift */; };
		37F99256274A2E5800E386BC /* PhotoCollectionViewCell.swift in Sources */ = {isa = PBXBuildFile; fileRef = 37F99255274A2E5800E386BC /* PhotoCollectionViewCell.swift */; };
		37F9925A274BE29A00E386BC /* ImageStore.swift in Sources */ = {isa = PBXBuildFile; fileRef = 37F99259274BE29A00E386BC /* ImageStore.swift */; };
		37F9925C274C77F800E386BC /* PhotoInfoViewController.swift in Sources */ = {isa = PBXBuildFile; fileRef = 37F9925B274C77F800E386BC /* PhotoInfoViewController.swift */; };
/* End PBXBuildFile section */

/* Begin PBXContainerItemProxy section */
		37DC1D1D2742A37D00EB54FD /* PBXContainerItemProxy */ = {
			isa = PBXContainerItemProxy;
			containerPortal = 37DC1CFE2742A37B00EB54FD /* Project object */;
			proxyType = 1;
			remoteGlobalIDString = 37DC1D052742A37B00EB54FD;
			remoteInfo = Photorama;
		};
		37DC1D272742A37D00EB54FD /* PBXContainerItemProxy */ = {
			isa = PBXContainerItemProxy;
			containerPortal = 37DC1CFE2742A37B00EB54FD /* Project object */;
			proxyType = 1;
			remoteGlobalIDString = 37DC1D052742A37B00EB54FD;
			remoteInfo = Photorama;
		};
/* End PBXContainerItemProxy section */

/* Begin PBXFileReference section */
		378D98E827478BE100D4BEBD /* FlickrAPI.swift */ = {isa = PBXFileReference; lastKnownFileType = sourcecode.swift; path = FlickrAPI.swift; sourceTree = "<group>"; };
		378D98EA274798E300D4BEBD /* PhotoStore.swift */ = {isa = PBXFileReference; lastKnownFileType = sourcecode.swift; path = PhotoStore.swift; sourceTree = "<group>"; };
		378D98EC27487B2600D4BEBD /* FlickrPhoto.swift */ = {isa = PBXFileReference; lastKnownFileType = sourcecode.swift; path = FlickrPhoto.swift; sourceTree = "<group>"; };
		37DC1D062742A37B00EB54FD /* Photorama.app */ = {isa = PBXFileReference; explicitFileType = wrapper.application; includeInIndex = 0; path = Photorama.app; sourceTree = BUILT_PRODUCTS_DIR; };
		37DC1D092742A37B00EB54FD /* AppDelegate.swift */ = {isa = PBXFileReference; lastKnownFileType = sourcecode.swift; path = AppDelegate.swift; sourceTree = "<group>"; };
		37DC1D0B2742A37B00EB54FD /* SceneDelegate.swift */ = {isa = PBXFileReference; lastKnownFileType = sourcecode.swift; path = SceneDelegate.swift; sourceTree = "<group>"; };
		37DC1D0D2742A37B00EB54FD /* PhotosViewController.swift */ = {isa = PBXFileReference; lastKnownFileType = sourcecode.swift; path = PhotosViewController.swift; sourceTree = "<group>"; };
		37DC1D102742A37B00EB54FD /* Base */ = {isa = PBXFileReference; lastKnownFileType = file.storyboard; name = Base; path = Base.lproj/Main.storyboard; sourceTree = "<group>"; };
		37DC1D122742A37C00EB54FD /* Assets.xcassets */ = {isa = PBXFileReference; lastKnownFileType = folder.assetcatalog; path = Assets.xcassets; sourceTree = "<group>"; };
		37DC1D152742A37C00EB54FD /* Base */ = {isa = PBXFileReference; lastKnownFileType = file.storyboard; name = Base; path = Base.lproj/LaunchScreen.storyboard; sourceTree = "<group>"; };
		37DC1D172742A37C00EB54FD /* Info.plist */ = {isa = PBXFileReference; lastKnownFileType = text.plist.xml; path = Info.plist; sourceTree = "<group>"; };
		37DC1D1C2742A37D00EB54FD /* PhotoramaTests.xctest */ = {isa = PBXFileReference; explicitFileType = wrapper.cfbundle; includeInIndex = 0; path = PhotoramaTests.xctest; sourceTree = BUILT_PRODUCTS_DIR; };
		37DC1D202742A37D00EB54FD /* PhotoramaTests.swift */ = {isa = PBXFileReference; lastKnownFileType = sourcecode.swift; path = PhotoramaTests.swift; sourceTree = "<group>"; };
		37DC1D262742A37D00EB54FD /* PhotoramaUITests.xctest */ = {isa = PBXFileReference; explicitFileType = wrapper.cfbundle; includeInIndex = 0; path = PhotoramaUITests.xctest; sourceTree = BUILT_PRODUCTS_DIR; };
		37DC1D2A2742A37D00EB54FD /* PhotoramaUITests.swift */ = {isa = PBXFileReference; lastKnownFileType = sourcecode.swift; path = PhotoramaUITests.swift; sourceTree = "<group>"; };
		37DC1D2C2742A37D00EB54FD /* PhotoramaUITestsLaunchTests.swift */ = {isa = PBXFileReference; lastKnownFileType = sourcecode.swift; path = PhotoramaUITestsLaunchTests.swift; sourceTree = "<group>"; };
		37EF1595274FCD4F0074B8A1 /* Photorama.xcdatamodel */ = {isa = PBXFileReference; lastKnownFileType = wrapper.xcdatamodel; path = Photorama.xcdatamodel; sourceTree = "<group>"; };
		37EF1597274FD3CA0074B8A1 /* Photo+CoreDataClass.swift */ = {isa = PBXFileReference; lastKnownFileType = sourcecode.swift; path = "Photo+CoreDataClass.swift"; sourceTree = "<group>"; };
		37EF1598274FD3CA0074B8A1 /* Photo+CoreDataProperties.swift */ = {isa = PBXFileReference; lastKnownFileType = sourcecode.swift; path = "Photo+CoreDataProperties.swift"; sourceTree = "<group>"; };
		37F992532749F2BD00E386BC /* PhotoDataSource.swift */ = {isa = PBXFileReference; lastKnownFileType = sourcecode.swift; path = PhotoDataSource.swift; sourceTree = "<group>"; };
		37F99255274A2E5800E386BC /* PhotoCollectionViewCell.swift */ = {isa = PBXFileReference; lastKnownFileType = sourcecode.swift; path = PhotoCollectionViewCell.swift; sourceTree = "<group>"; };
		37F99259274BE29A00E386BC /* ImageStore.swift */ = {isa = PBXFileReference; fileEncoding = 4; lastKnownFileType = sourcecode.swift; name = ImageStore.swift; path = ../../LootLogger/LootLogger/ImageStore.swift; sourceTree = "<group>"; };
		37F9925B274C77F800E386BC /* PhotoInfoViewController.swift */ = {isa = PBXFileReference; lastKnownFileType = sourcecode.swift; path = PhotoInfoViewController.swift; sourceTree = "<group>"; };
/* End PBXFileReference section */

/* Begin PBXFrameworksBuildPhase section */
		37DC1D032742A37B00EB54FD /* Frameworks */ = {
			isa = PBXFrameworksBuildPhase;
			buildActionMask = 2147483647;
			files = (
			);
			runOnlyForDeploymentPostprocessing = 0;
		};
		37DC1D192742A37D00EB54FD /* Frameworks */ = {
			isa = PBXFrameworksBuildPhase;
			buildActionMask = 2147483647;
			files = (
			);
			runOnlyForDeploymentPostprocessing = 0;
		};
		37DC1D232742A37D00EB54FD /* Frameworks */ = {
			isa = PBXFrameworksBuildPhase;
			buildActionMask = 2147483647;
			files = (
			);
			runOnlyForDeploymentPostprocessing = 0;
		};
/* End PBXFrameworksBuildPhase section */

/* Begin PBXGroup section */
		37DC1CFD2742A37B00EB54FD = {
			isa = PBXGroup;
			children = (
				37EF1597274FD3CA0074B8A1 /* Photo+CoreDataClass.swift */,
				37EF1598274FD3CA0074B8A1 /* Photo+CoreDataProperties.swift */,
				37DC1D082742A37B00EB54FD /* Photorama */,
				37DC1D1F2742A37D00EB54FD /* PhotoramaTests */,
				37DC1D292742A37D00EB54FD /* PhotoramaUITests */,
				37DC1D072742A37B00EB54FD /* Products */,
			);
			sourceTree = "<group>";
		};
		37DC1D072742A37B00EB54FD /* Products */ = {
			isa = PBXGroup;
			children = (
				37DC1D062742A37B00EB54FD /* Photorama.app */,
				37DC1D1C2742A37D00EB54FD /* PhotoramaTests.xctest */,
				37DC1D262742A37D00EB54FD /* PhotoramaUITests.xctest */,
			);
			name = Products;
			sourceTree = "<group>";
		};
		37DC1D082742A37B00EB54FD /* Photorama */ = {
			isa = PBXGroup;
			children = (
				37DC1D092742A37B00EB54FD /* AppDelegate.swift */,
				37DC1D0B2742A37B00EB54FD /* SceneDelegate.swift */,
				37DC1D0D2742A37B00EB54FD /* PhotosViewController.swift */,
				37DC1D0F2742A37B00EB54FD /* Main.storyboard */,
				37F99255274A2E5800E386BC /* PhotoCollectionViewCell.swift */,
				37F992532749F2BD00E386BC /* PhotoDataSource.swift */,
				378D98EC27487B2600D4BEBD /* FlickrPhoto.swift */,
				37F99259274BE29A00E386BC /* ImageStore.swift */,
				378D98E827478BE100D4BEBD /* FlickrAPI.swift */,
				378D98EA274798E300D4BEBD /* PhotoStore.swift */,
				37F9925B274C77F800E386BC /* PhotoInfoViewController.swift */,
				37EF1594274FCD4F0074B8A1 /* Photorama.xcdatamodeld */,
				37DC1D122742A37C00EB54FD /* Assets.xcassets */,
				37DC1D142742A37C00EB54FD /* LaunchScreen.storyboard */,
				37DC1D172742A37C00EB54FD /* Info.plist */,
			);
			path = Photorama;
			sourceTree = "<group>";
		};
		37DC1D1F2742A37D00EB54FD /* PhotoramaTests */ = {
			isa = PBXGroup;
			children = (
				37DC1D202742A37D00EB54FD /* PhotoramaTests.swift */,
			);
			path = PhotoramaTests;
			sourceTree = "<group>";
		};
		37DC1D292742A37D00EB54FD /* PhotoramaUITests */ = {
			isa = PBXGroup;
			children = (
				37DC1D2A2742A37D00EB54FD /* PhotoramaUITests.swift */,
				37DC1D2C2742A37D00EB54FD /* PhotoramaUITestsLaunchTests.swift */,
			);
			path = PhotoramaUITests;
			sourceTree = "<group>";
		};
/* End PBXGroup section */

/* Begin PBXNativeTarget section */
		37DC1D052742A37B00EB54FD /* Photorama */ = {
			isa = PBXNativeTarget;
			buildConfigurationList = 37DC1D302742A37D00EB54FD /* Build configuration list for PBXNativeTarget "Photorama" */;
			buildPhases = (
				37DC1D022742A37B00EB54FD /* Sources */,
				37DC1D032742A37B00EB54FD /* Frameworks */,
				37DC1D042742A37B00EB54FD /* Resources */,
			);
			buildRules = (
			);
			dependencies = (
			);
			name = Photorama;
			productName = Photorama;
			productReference = 37DC1D062742A37B00EB54FD /* Photorama.app */;
			productType = "com.apple.product-type.application";
		};
		37DC1D1B2742A37D00EB54FD /* PhotoramaTests */ = {
			isa = PBXNativeTarget;
			buildConfigurationList = 37DC1D332742A37D00EB54FD /* Build configuration list for PBXNativeTarget "PhotoramaTests" */;
			buildPhases = (
				37DC1D182742A37D00EB54FD /* Sources */,
				37DC1D192742A37D00EB54FD /* Frameworks */,
				37DC1D1A2742A37D00EB54FD /* Resources */,
			);
			buildRules = (
			);
			dependencies = (
				37DC1D1E2742A37D00EB54FD /* PBXTargetDependency */,
			);
			name = PhotoramaTests;
			productName = PhotoramaTests;
			productReference = 37DC1D1C2742A37D00EB54FD /* PhotoramaTests.xctest */;
			productType = "com.apple.product-type.bundle.unit-test";
		};
		37DC1D252742A37D00EB54FD /* PhotoramaUITests */ = {
			isa = PBXNativeTarget;
			buildConfigurationList = 37DC1D362742A37D00EB54FD /* Build configuration list for PBXNativeTarget "PhotoramaUITests" */;
			buildPhases = (
				37DC1D222742A37D00EB54FD /* Sources */,
				37DC1D232742A37D00EB54FD /* Frameworks */,
				37DC1D242742A37D00EB54FD /* Resources */,
			);
			buildRules = (
			);
			dependencies = (
				37DC1D282742A37D00EB54FD /* PBXTargetDependency */,
			);
			name = PhotoramaUITests;
			productName = PhotoramaUITests;
			productReference = 37DC1D262742A37D00EB54FD /* PhotoramaUITests.xctest */;
			productType = "com.apple.product-type.bundle.ui-testing";
		};
/* End PBXNativeTarget section */

/* Begin PBXProject section */
		37DC1CFE2742A37B00EB54FD /* Project object */ = {
			isa = PBXProject;
			attributes = {
				BuildIndependentTargetsInParallel = 1;
				LastSwiftUpdateCheck = 1310;
				LastUpgradeCheck = 1310;
				TargetAttributes = {
					37DC1D052742A37B00EB54FD = {
						CreatedOnToolsVersion = 13.1;
					};
					37DC1D1B2742A37D00EB54FD = {
						CreatedOnToolsVersion = 13.1;
						TestTargetID = 37DC1D052742A37B00EB54FD;
					};
					37DC1D252742A37D00EB54FD = {
						CreatedOnToolsVersion = 13.1;
						TestTargetID = 37DC1D052742A37B00EB54FD;
					};
				};
			};
			buildConfigurationList = 37DC1D012742A37B00EB54FD /* Build configuration list for PBXProject "Photorama" */;
			compatibilityVersion = "Xcode 13.0";
			developmentRegion = en;
			hasScannedForEncodings = 0;
			knownRegions = (
				en,
				Base,
			);
			mainGroup = 37DC1CFD2742A37B00EB54FD;
			productRefGroup = 37DC1D072742A37B00EB54FD /* Products */;
			projectDirPath = "";
			projectRoot = "";
			targets = (
				37DC1D052742A37B00EB54FD /* Photorama */,
				37DC1D1B2742A37D00EB54FD /* PhotoramaTests */,
				37DC1D252742A37D00EB54FD /* PhotoramaUITests */,
			);
		};
/* End PBXProject section */

/* Begin PBXResourcesBuildPhase section */
		37DC1D042742A37B00EB54FD /* Resources */ = {
			isa = PBXResourcesBuildPhase;
			buildActionMask = 2147483647;
			files = (
				37DC1D162742A37C00EB54FD /* LaunchScreen.storyboard in Resources */,
				37DC1D132742A37C00EB54FD /* Assets.xcassets in Resources */,
				37DC1D112742A37B00EB54FD /* Main.storyboard in Resources */,
			);
			runOnlyForDeploymentPostprocessing = 0;
		};
		37DC1D1A2742A37D00EB54FD /* Resources */ = {
			isa = PBXResourcesBuildPhase;
			buildActionMask = 2147483647;
			files = (
			);
			runOnlyForDeploymentPostprocessing = 0;
		};
		37DC1D242742A37D00EB54FD /* Resources */ = {
			isa = PBXResourcesBuildPhase;
			buildActionMask = 2147483647;
			files = (
			);
			runOnlyForDeploymentPostprocessing = 0;
		};
/* End PBXResourcesBuildPhase section */

/* Begin PBXSourcesBuildPhase section */
		37DC1D022742A37B00EB54FD /* Sources */ = {
			isa = PBXSourcesBuildPhase;
			buildActionMask = 2147483647;
			files = (
				378D98ED27487B2600D4BEBD /* FlickrPhoto.swift in Sources */,
				37EF159A274FD3CA0074B8A1 /* Photo+CoreDataProperties.swift in Sources */,
				37F9925C274C77F800E386BC /* PhotoInfoViewController.swift in Sources */,
				37F99256274A2E5800E386BC /* PhotoCollectionViewCell.swift in Sources */,
				37F992542749F2BD00E386BC /* PhotoDataSource.swift in Sources */,
				378D98EB274798E300D4BEBD /* PhotoStore.swift in Sources */,
				37DC1D0E2742A37B00EB54FD /* PhotosViewController.swift in Sources */,
				37EF1599274FD3CA0074B8A1 /* Photo+CoreDataClass.swift in Sources */,
				37F9925A274BE29A00E386BC /* ImageStore.swift in Sources */,
				37EF1596274FCD4F0074B8A1 /* Photorama.xcdatamodeld in Sources */,
				37DC1D0A2742A37B00EB54FD /* AppDelegate.swift in Sources */,
				37DC1D0C2742A37B00EB54FD /* SceneDelegate.swift in Sources */,
				378D98E927478BE100D4BEBD /* FlickrAPI.swift in Sources */,
			);
			runOnlyForDeploymentPostprocessing = 0;
		};
		37DC1D182742A37D00EB54FD /* Sources */ = {
			isa = PBXSourcesBuildPhase;
			buildActionMask = 2147483647;
			files = (
				37DC1D212742A37D00EB54FD /* PhotoramaTests.swift in Sources */,
			);
			runOnlyForDeploymentPostprocessing = 0;
		};
		37DC1D222742A37D00EB54FD /* Sources */ = {
			isa = PBXSourcesBuildPhase;
			buildActionMask = 2147483647;
			files = (
				37DC1D2D2742A37D00EB54FD /* PhotoramaUITestsLaunchTests.swift in Sources */,
				37DC1D2B2742A37D00EB54FD /* PhotoramaUITests.swift in Sources */,
			);
			runOnlyForDeploymentPostprocessing = 0;
		};
/* End PBXSourcesBuildPhase section */

/* Begin PBXTargetDependency section */
		37DC1D1E2742A37D00EB54FD /* PBXTargetDependency */ = {
			isa = PBXTargetDependency;
			target = 37DC1D052742A37B00EB54FD /* Photorama */;
			targetProxy = 37DC1D1D2742A37D00EB54FD /* PBXContainerItemProxy */;
		};
		37DC1D282742A37D00EB54FD /* PBXTargetDependency */ = {
			isa = PBXTargetDependency;
			target = 37DC1D052742A37B00EB54FD /* Photorama */;
			targetProxy = 37DC1D272742A37D00EB54FD /* PBXContainerItemProxy */;
		};
/* End PBXTargetDependency section */

/* Begin PBXVariantGroup section */
		37DC1D0F2742A37B00EB54FD /* Main.storyboard */ = {
			isa = PBXVariantGroup;
			children = (
				37DC1D102742A37B00EB54FD /* Base */,
			);
			name = Main.storyboard;
			sourceTree = "<group>";
		};
		37DC1D142742A37C00EB54FD /* LaunchScreen.storyboard */ = {
			isa = PBXVariantGroup;
			children = (
				37DC1D152742A37C00EB54FD /* Base */,
			);
			name = LaunchScreen.storyboard;
			sourceTree = "<group>";
		};
/* End PBXVariantGroup section */

/* Begin XCBuildConfiguration section */
		37DC1D2E2742A37D00EB54FD /* Debug */ = {
			isa = XCBuildConfiguration;
			buildSettings = {
				ALWAYS_SEARCH_USER_PATHS = NO;
				CLANG_ANALYZER_NONNULL = YES;
				CLANG_ANALYZER_NUMBER_OBJECT_CONVERSION = YES_AGGRESSIVE;
				CLANG_CXX_LANGUAGE_STANDARD = "gnu++17";
				CLANG_CXX_LIBRARY = "libc++";
				CLANG_ENABLE_MODULES = YES;
				CLANG_ENABLE_OBJC_ARC = YES;
				CLANG_ENABLE_OBJC_WEAK = YES;
				CLANG_WARN_BLOCK_CAPTURE_AUTORELEASING = YES;
				CLANG_WARN_BOOL_CONVERSION = YES;
				CLANG_WARN_COMMA = YES;
				CLANG_WARN_CONSTANT_CONVERSION = YES;
				CLANG_WARN_DEPRECATED_OBJC_IMPLEMENTATIONS = YES;
				CLANG_WARN_DIRECT_OBJC_ISA_USAGE = YES_ERROR;
				CLANG_WARN_DOCUMENTATION_COMMENTS = YES;
				CLANG_WARN_EMPTY_BODY = YES;
				CLANG_WARN_ENUM_CONVERSION = YES;
				CLANG_WARN_INFINITE_RECURSION = YES;
				CLANG_WARN_INT_CONVERSION = YES;
				CLANG_WARN_NON_LITERAL_NULL_CONVERSION = YES;
				CLANG_WARN_OBJC_IMPLICIT_RETAIN_SELF = YES;
				CLANG_WARN_OBJC_LITERAL_CONVERSION = YES;
				CLANG_WARN_OBJC_ROOT_CLASS = YES_ERROR;
				CLANG_WARN_QUOTED_INCLUDE_IN_FRAMEWORK_HEADER = YES;
				CLANG_WARN_RANGE_LOOP_ANALYSIS = YES;
				CLANG_WARN_STRICT_PROTOTYPES = YES;
				CLANG_WARN_SUSPICIOUS_MOVE = YES;
				CLANG_WARN_UNGUARDED_AVAILABILITY = YES_AGGRESSIVE;
				CLANG_WARN_UNREACHABLE_CODE = YES;
				CLANG_WARN__DUPLICATE_METHOD_MATCH = YES;
				COPY_PHASE_STRIP = NO;
				DEBUG_INFORMATION_FORMAT = dwarf;
				ENABLE_STRICT_OBJC_MSGSEND = YES;
				ENABLE_TESTABILITY = YES;
				GCC_C_LANGUAGE_STANDARD = gnu11;
				GCC_DYNAMIC_NO_PIC = NO;
				GCC_NO_COMMON_BLOCKS = YES;
				GCC_OPTIMIZATION_LEVEL = 0;
				GCC_PREPROCESSOR_DEFINITIONS = (
					"DEBUG=1",
					"$(inherited)",
				);
				GCC_WARN_64_TO_32_BIT_CONVERSION = YES;
				GCC_WARN_ABOUT_RETURN_TYPE = YES_ERROR;
				GCC_WARN_UNDECLARED_SELECTOR = YES;
				GCC_WARN_UNINITIALIZED_AUTOS = YES_AGGRESSIVE;
				GCC_WARN_UNUSED_FUNCTION = YES;
				GCC_WARN_UNUSED_VARIABLE = YES;
				IPHONEOS_DEPLOYMENT_TARGET = 15.0;
				MTL_ENABLE_DEBUG_INFO = INCLUDE_SOURCE;
				MTL_FAST_MATH = YES;
				ONLY_ACTIVE_ARCH = YES;
				SDKROOT = iphoneos;
				SWIFT_ACTIVE_COMPILATION_CONDITIONS = DEBUG;
				SWIFT_OPTIMIZATION_LEVEL = "-Onone";
			};
			name = Debug;
		};
		37DC1D2F2742A37D00EB54FD /* Release */ = {
			isa = XCBuildConfiguration;
			buildSettings = {
				ALWAYS_SEARCH_USER_PATHS = NO;
				CLANG_ANALYZER_NONNULL = YES;
				CLANG_ANALYZER_NUMBER_OBJECT_CONVERSION = YES_AGGRESSIVE;
				CLANG_CXX_LANGUAGE_STANDARD = "gnu++17";
				CLANG_CXX_LIBRARY = "libc++";
				CLANG_ENABLE_MODULES = YES;
				CLANG_ENABLE_OBJC_ARC = YES;
				CLANG_ENABLE_OBJC_WEAK = YES;
				CLANG_WARN_BLOCK_CAPTURE_AUTORELEASING = YES;
				CLANG_WARN_BOOL_CONVERSION = YES;
				CLANG_WARN_COMMA = YES;
				CLANG_WARN_CONSTANT_CONVERSION = YES;
				CLANG_WARN_DEPRECATED_OBJC_IMPLEMENTATIONS = YES;
				CLANG_WARN_DIRECT_OBJC_ISA_USAGE = YES_ERROR;
				CLANG_WARN_DOCUMENTATION_COMMENTS = YES;
				CLANG_WARN_EMPTY_BODY = YES;
				CLANG_WARN_ENUM_CONVERSION = YES;
				CLANG_WARN_INFINITE_RECURSION = YES;
				CLANG_WARN_INT_CONVERSION = YES;
				CLANG_WARN_NON_LITERAL_NULL_CONVERSION = YES;
				CLANG_WARN_OBJC_IMPLICIT_RETAIN_SELF = YES;
				CLANG_WARN_OBJC_LITERAL_CONVERSION = YES;
				CLANG_WARN_OBJC_ROOT_CLASS = YES_ERROR;
				CLANG_WARN_QUOTED_INCLUDE_IN_FRAMEWORK_HEADER = YES;
				CLANG_WARN_RANGE_LOOP_ANALYSIS = YES;
				CLANG_WARN_STRICT_PROTOTYPES = YES;
				CLANG_WARN_SUSPICIOUS_MOVE = YES;
				CLANG_WARN_UNGUARDED_AVAILABILITY = YES_AGGRESSIVE;
				CLANG_WARN_UNREACHABLE_CODE = YES;
				CLANG_WARN__DUPLICATE_METHOD_MATCH = YES;
				COPY_PHASE_STRIP = NO;
				DEBUG_INFORMATION_FORMAT = "dwarf-with-dsym";
				ENABLE_NS_ASSERTIONS = NO;
				ENABLE_STRICT_OBJC_MSGSEND = YES;
				GCC_C_LANGUAGE_STANDARD = gnu11;
				GCC_NO_COMMON_BLOCKS = YES;
				GCC_WARN_64_TO_32_BIT_CONVERSION = YES;
				GCC_WARN_ABOUT_RETURN_TYPE = YES_ERROR;
				GCC_WARN_UNDECLARED_SELECTOR = YES;
				GCC_WARN_UNINITIALIZED_AUTOS = YES_AGGRESSIVE;
				GCC_WARN_UNUSED_FUNCTION = YES;
				GCC_WARN_UNUSED_VARIABLE = YES;
				IPHONEOS_DEPLOYMENT_TARGET = 15.0;
				MTL_ENABLE_DEBUG_INFO = NO;
				MTL_FAST_MATH = YES;
				SDKROOT = iphoneos;
				SWIFT_COMPILATION_MODE = wholemodule;
				SWIFT_OPTIMIZATION_LEVEL = "-O";
				VALIDATE_PRODUCT = YES;
			};
			name = Release;
		};
		37DC1D312742A37D00EB54FD /* Debug */ = {
			isa = XCBuildConfiguration;
			buildSettings = {
				ASSETCATALOG_COMPILER_APPICON_NAME = AppIcon;
				ASSETCATALOG_COMPILER_GLOBAL_ACCENT_COLOR_NAME = AccentColor;
				CODE_SIGN_STYLE = Automatic;
				CURRENT_PROJECT_VERSION = 1;
				DEVELOPMENT_TEAM = 4WN46VZ7RJ;
				GENERATE_INFOPLIST_FILE = YES;
				INFOPLIST_FILE = Photorama/Info.plist;
				INFOPLIST_KEY_UIApplicationSupportsIndirectInputEvents = YES;
				INFOPLIST_KEY_UILaunchStoryboardName = LaunchScreen;
				INFOPLIST_KEY_UIMainStoryboardFile = Main;
				INFOPLIST_KEY_UISupportedInterfaceOrientations_iPad = "UIInterfaceOrientationPortrait UIInterfaceOrientationPortraitUpsideDown UIInterfaceOrientationLandscapeLeft UIInterfaceOrientationLandscapeRight";
				INFOPLIST_KEY_UISupportedInterfaceOrientations_iPhone = "UIInterfaceOrientationPortrait UIInterfaceOrientationLandscapeLeft UIInterfaceOrientationLandscapeRight";
				LD_RUNPATH_SEARCH_PATHS = (
					"$(inherited)",
					"@executable_path/Frameworks",
				);
				MARKETING_VERSION = 1.0;
				PRODUCT_BUNDLE_IDENTIFIER = cn.xnlamp.Photorama;
				PRODUCT_NAME = "$(TARGET_NAME)";
				SWIFT_EMIT_LOC_STRINGS = YES;
				SWIFT_VERSION = 5.0;
				TARGETED_DEVICE_FAMILY = "1,2";
			};
			name = Debug;
		};
		37DC1D322742A37D00EB54FD /* Release */ = {
			isa = XCBuildConfiguration;
			buildSettings = {
				ASSETCATALOG_COMPILER_APPICON_NAME = AppIcon;
				ASSETCATALOG_COMPILER_GLOBAL_ACCENT_COLOR_NAME = AccentColor;
				CODE_SIGN_STYLE = Automatic;
				CURRENT_PROJECT_VERSION = 1;
				DEVELOPMENT_TEAM = 4WN46VZ7RJ;
				GENERATE_INFOPLIST_FILE = YES;
				INFOPLIST_FILE = Photorama/Info.plist;
				INFOPLIST_KEY_UIApplicationSupportsIndirectInputEvents = YES;
				INFOPLIST_KEY_UILaunchStoryboardName = LaunchScreen;
				INFOPLIST_KEY_UIMainStoryboardFile = Main;
				INFOPLIST_KEY_UISupportedInterfaceOrientations_iPad = "UIInterfaceOrientationPortrait UIInterfaceOrientationPortraitUpsideDown UIInterfaceOrientationLandscapeLeft UIInterfaceOrientationLandscapeRight";
				INFOPLIST_KEY_UISupportedInterfaceOrientations_iPhone = "UIInterfaceOrientationPortrait UIInterfaceOrientationLandscapeLeft UIInterfaceOrientationLandscapeRight";
				LD_RUNPATH_SEARCH_PATHS = (
					"$(inherited)",
					"@executable_path/Frameworks",
				);
				MARKETING_VERSION = 1.0;
				PRODUCT_BUNDLE_IDENTIFIER = cn.xnlamp.Photorama;
				PRODUCT_NAME = "$(TARGET_NAME)";
				SWIFT_EMIT_LOC_STRINGS = YES;
				SWIFT_VERSION = 5.0;
				TARGETED_DEVICE_FAMILY = "1,2";
			};
			name = Release;
		};
		37DC1D342742A37D00EB54FD /* Debug */ = {
			isa = XCBuildConfiguration;
			buildSettings = {
				ALWAYS_EMBED_SWIFT_STANDARD_LIBRARIES = YES;
				BUNDLE_LOADER = "$(TEST_HOST)";
				CODE_SIGN_STYLE = Automatic;
				CURRENT_PROJECT_VERSION = 1;
				DEVELOPMENT_TEAM = 4WN46VZ7RJ;
				GENERATE_INFOPLIST_FILE = YES;
				IPHONEOS_DEPLOYMENT_TARGET = 15.0;
				LD_RUNPATH_SEARCH_PATHS = (
					"$(inherited)",
					"@executable_path/Frameworks",
					"@loader_path/Frameworks",
				);
				MARKETING_VERSION = 1.0;
				PRODUCT_BUNDLE_IDENTIFIER = cn.xnlamp.PhotoramaTests;
				PRODUCT_NAME = "$(TARGET_NAME)";
				SWIFT_EMIT_LOC_STRINGS = NO;
				SWIFT_VERSION = 5.0;
				TARGETED_DEVICE_FAMILY = "1,2";
				TEST_HOST = "$(BUILT_PRODUCTS_DIR)/Photorama.app/Photorama";
			};
			name = Debug;
		};
		37DC1D352742A37D00EB54FD /* Release */ = {
			isa = XCBuildConfiguration;
			buildSettings = {
				ALWAYS_EMBED_SWIFT_STANDARD_LIBRARIES = YES;
				BUNDLE_LOADER = "$(TEST_HOST)";
				CODE_SIGN_STYLE = Automatic;
				CURRENT_PROJECT_VERSION = 1;
				DEVELOPMENT_TEAM = 4WN46VZ7RJ;
				GENERATE_INFOPLIST_FILE = YES;
				IPHONEOS_DEPLOYMENT_TARGET = 15.0;
				LD_RUNPATH_SEARCH_PATHS = (
					"$(inherited)",
					"@executable_path/Frameworks",
					"@loader_path/Frameworks",
				);
				MARKETING_VERSION = 1.0;
				PRODUCT_BUNDLE_IDENTIFIER = cn.xnlamp.PhotoramaTests;
				PRODUCT_NAME = "$(TARGET_NAME)";
				SWIFT_EMIT_LOC_STRINGS = NO;
				SWIFT_VERSION = 5.0;
				TARGETED_DEVICE_FAMILY = "1,2";
				TEST_HOST = "$(BUILT_PRODUCTS_DIR)/Photorama.app/Photorama";
			};
			name = Release;
		};
		37DC1D372742A37D00EB54FD /* Debug */ = {
			isa = XCBuildConfiguration;
			buildSettings = {
				ALWAYS_EMBED_SWIFT_STANDARD_LIBRARIES = YES;
				CODE_SIGN_STYLE = Automatic;
				CURRENT_PROJECT_VERSION = 1;
				DEVELOPMENT_TEAM = 4WN46VZ7RJ;
				GENERATE_INFOPLIST_FILE = YES;
				LD_RUNPATH_SEARCH_PATHS = (
					"$(inherited)",
					"@executable_path/Frameworks",
					"@loader_path/Frameworks",
				);
				MARKETING_VERSION = 1.0;
				PRODUCT_BUNDLE_IDENTIFIER = cn.xnlamp.PhotoramaUITests;
				PRODUCT_NAME = "$(TARGET_NAME)";
				SWIFT_EMIT_LOC_STRINGS = NO;
				SWIFT_VERSION = 5.0;
				TARGETED_DEVICE_FAMILY = "1,2";
				TEST_TARGET_NAME = Photorama;
			};
			name = Debug;
		};
		37DC1D382742A37D00EB54FD /* Release */ = {
			isa = XCBuildConfiguration;
			buildSettings = {
				ALWAYS_EMBED_SWIFT_STANDARD_LIBRARIES = YES;
				CODE_SIGN_STYLE = Automatic;
				CURRENT_PROJECT_VERSION = 1;
				DEVELOPMENT_TEAM = 4WN46VZ7RJ;
				GENERATE_INFOPLIST_FILE = YES;
				LD_RUNPATH_SEARCH_PATHS = (
					"$(inherited)",
					"@executable_path/Frameworks",
					"@loader_path/Frameworks",
				);
				MARKETING_VERSION = 1.0;
				PRODUCT_BUNDLE_IDENTIFIER = cn.xnlamp.PhotoramaUITests;
				PRODUCT_NAME = "$(TARGET_NAME)";
				SWIFT_EMIT_LOC_STRINGS = NO;
				SWIFT_VERSION = 5.0;
				TARGETED_DEVICE_FAMILY = "1,2";
				TEST_TARGET_NAME = Photorama;
			};
			name = Release;
		};
/* End XCBuildConfiguration section */

/* Begin XCConfigurationList section */
		37DC1D012742A37B00EB54FD /* Build configuration list for PBXProject "Photorama" */ = {
			isa = XCConfigurationList;
			buildConfigurations = (
				37DC1D2E2742A37D00EB54FD /* Debug */,
				37DC1D2F2742A37D00EB54FD /* Release */,
			);
			defaultConfigurationIsVisible = 0;
			defaultConfigurationName = Release;
		};
		37DC1D302742A37D00EB54FD /* Build configuration list for PBXNativeTarget "Photorama" */ = {
			isa = XCConfigurationList;
			buildConfigurations = (
				37DC1D312742A37D00EB54FD /* Debug */,
				37DC1D322742A37D00EB54FD /* Release */,
			);
			defaultConfigurationIsVisible = 0;
			defaultConfigurationName = Release;
		};
		37DC1D332742A37D00EB54FD /* Build configuration list for PBXNativeTarget "PhotoramaTests" */ = {
			isa = XCConfigurationList;
			buildConfigurations = (
				37DC1D342742A37D00EB54FD /* Debug */,
				37DC1D352742A37D00EB54FD /* Release */,
			);
			defaultConfigurationIsVisible = 0;
			defaultConfigurationName = Release;
		};
		37DC1D362742A37D00EB54FD /* Build configuration list for PBXNativeTarget "PhotoramaUITests" */ = {
			isa = XCConfigurationList;
			buildConfigurations = (
				37DC1D372742A37D00EB54FD /* Debug */,
				37DC1D382742A37D00EB54FD /* Release */,
			);
			defaultConfigurationIsVisible = 0;
			defaultConfigurationName = Release;
		};
/* End XCConfigurationList section */

/* Begin XCVersionGroup section */
		37EF1594274FCD4F0074B8A1 /* Photorama.xcdatamodeld */ = {
			isa = XCVersionGroup;
			children = (
				37EF1595274FCD4F0074B8A1 /* Photorama.xcdatamodel */,
			);
			currentVersion = 37EF1595274FCD4F0074B8A1 /* Photorama.xcdatamodel */;
			path = Photorama.xcdatamodeld;
			sourceTree = "<group>";
			versionGroupType = wrapper.xcdatamodel;
		};
/* End XCVersionGroup section */
	};
	rootObject = 37DC1CFE2742A37B00EB54FD /* Project object */;
}
